github.com/agl/ed25519 v0.0.0-20170116200512-5312a6153412 h1:w1UutsfOrms1J05zt7ISrnJIXKzwaspym5BTKGx93EI=
github.com/agl/ed25519 v0.0.0-20170116200512-5312a6153412/go.mod h1:WPjqKcmVOxf0XSf3YxCJs6N6AOSrOx3obionmG7T0y0=
github.com/davecgh/go-spew v1.1.1 h1:vj9j/u1bqnvCEfJOwUhtlOARqs3+rkHYY13jYWTU97c=
github.com/davecgh/go-spew v1.1.1/go.mod h1:J7Y8YcW2NihsgmVo/mv3lAwl/skON4iLHjSsI+c5H38=
github.com/dchest/siphash v1.2.3 h1:QXwFc8cFOR2dSa/gE6o/HokBMWtLUaNDVd+22aKHeEA=
github.com/dchest/siphash v1.2.3/go.mod h1:0NvQU092bT0ipiFN++/rXm69QG9tVxLAlQHIXMPAkHc=
github.com/decred/base58 v1.0.5 h1:hwcieUM3pfPnE/6p3J100zoRfGkQxBulZHo7GZfOqic=
github.com/decred/base58 v1.0.5/go.mod h1:s/8lukEHFA6bUQQb/v3rjUySJ2hu+RioCzLukAVkrfw=
github.com/decred/dcrd/crypto/blake256 v1.0.1 h1:7PltbUIQB7u/FfZ39+DGa/ShuMyJ5ilcvdfma9wOH6Y=
github.com/decred/dcrd/crypto/blake256 v1.0.1/go.mod h1:2OfgNZ5wDpcsFmHmCK5gZTPcCXqlm2ArzUIkw9czNJo=
github.com/decred/go-socks v1.1.0 h1:dnENcc0KIqQo3HSXdgboXAHgqsCIutkqq6ntQjYtm2U=
github.com/decred/go-socks v1.1.0/go.mod h1:sDhHqkZH0X4JjSa02oYOGhcGHYp12FsY1jQ/meV8md0=
github.com/decred/slog v1.2.0 h1:soHAxV52B54Di3WtKLfPum9OFfWqwtf/ygf9njdfnPM=
github.com/decred/slog v1.2.0/go.mod h1:kVXlGnt6DHy2fV5OjSeuvCJ0OmlmTF6LFpEPMu/fOY0=
github.com/ebitengine/purego v0.10.2 h1:W809HbnvzAxgdm+aOvlSekrM16wGCdT/e76+9tS7gzE=
github.com/ebitengine/purego v0.10.2/go.mod h1:iIjxzd6CiRiOG0UyXP+V1+jWqUXVjPKLAI0mRfJZTmQ=
github.com/golang/snappy v0.0.4 h1:yAGX7huGHXlcLOEtBnF4w7FQwA26wojNCwOYAEhLjQM=
github.com/golang/snappy v0.0.4/go.mod h1:/XxbfmMg8lxefKM7IXC3fBNl/7bRcc72aCRzEWrmP2Q=
github.com/gorilla/websocket v1.5.3 h1:saDtZ6Pbx/0u+bgYQ3q96pZgCzfhKXGPqt7kZ72aNNg=
github.com/gorilla/websocket v1.5.3/go.mod h1:YR8l580nyteQvAITg2hZ9XVh4b55+EU/adAjf1fMHhE=
github.com/jessevdk/go-flags v1.6.1 h1:Cvu5U8UGrLay1rZfv/zP7iLpSHGUZ/Ou68T0iX1bBK4=
github.com/jessevdk/go-flags v1.6.1/go.mod h1:Mk8T1hIAWpOiJiHa9rJASDK2UGWji0EuPGBnNLMooyc=
github.com/klauspost/cpuid/v2 v2.0.9 h1:lgaqFMSdTdQYdZ04uHyN2d/eKdOMyi2YLSvlQIBFYa4=
github.com/klauspost/cpuid/v2 v2.0.9/go.mod h1:FInQzS24/EEf25PyTYn52gqo7WaD8xa0213Md/qVLRg=
github.com/monetarium/monetarium-node/blockchain/stake v1.3.10 h1:srDtpBVNBU9r0W/H5b9R0VVBwZlSzmte/9/lpmyv7AY=
github.com/monetarium/monetarium-node/blockchain/stake v1.3.10/go.mod h1:CIewPv0beFWhhPm/uOUY122jJexLuo6XFimxmzQrWRk=
github.com/monetarium/monetarium-node/blockchain/standalone v1.3.10 h1:cVizoSh8CebZ39QKbWFzvTITRXeC5lz7hT0VyhnK4wk=
github.com/monetarium/monetarium-node/blockchain/standalone v1.3.10/go.mod h1:bkk4+c319C72VcDjWDauA9c1TFvoPmJGGoCtwmgehwI=
github.com/monetarium/monetarium-node/chaincfg v1.3.10 h1:KjSPV1ssSUnzPhg/I5/QEsSlrputZrvrV+jwdnRrQQk=
github.com/monetarium/monetarium-node/chaincfg v1.3.10/go.mod h1:DnJL/96I5g49m05a+h/QqZBC4rbk51j1yY40JvdSgaQ=
github.com/monetarium/monetarium-node/chaincfg/chainhash v1.3.10 h1:r58CfisuBhPqy53wXMf38yuft7hmaUBwDL4fmhf5lr4=
github.com/monetarium/monetarium-node/chaincfg/chainhash v1.3.10/go.mod h1:dy7Kyq9RLPOs/hOzpt2i8vDWlolMEUGhheK3jlKaops=
github.com/monetarium/monetarium-node/cointype v1.3.10 h1:3YLTsl8ttyGDrtovSPgOsEvP/cqsZz4WIpH/sYONdqI=
github.com/monetarium/monetarium-node/cointype v1.3.10/go.mod h1:yhixKskK9FBKjKoH07NzgvEGPCOjW5iaLhgtfAO7808=
github.com/monetarium/monetarium-node/crypto/blake256 v1.3.10 h1:bGYzOa8kP2XxAbu9K8Gn0qq0hBy4OKZ0crIzTcmDk6Q=
github.com/monetarium/monetarium-node/crypto/blake256 v1.3.10/go.mod h1:+dUk+/kJYZCEfhySioeBRQD7l8yHVm3Q3g7Gd3lRjHk=
github.com/monetarium/monetarium-node/crypto/rand v1.3.10 h1:G/t2SG+wB/1X3O0+QajflS8KzpynDJSssQJLX+zvMPs=
github.com/monetarium/monetarium-node/crypto/rand v1.3.10/go.mod h1:3fOYD2Kid37bBjUuVa0lZEIcHE8pFs7D2eNz4vdTo88=
github.com/monetarium/monetarium-node/crypto/ripemd160 v1.3.10 h1:nihAtUW+FXZ56o4y8tk+N3x6XoLHF6rMMCD++juiou0=
github.com/monetarium/monetarium-node/crypto/ripemd160 v1.3.10/go.mod h1:5IaiDGHDPLi+4j30Ik9PwBthqhjhXGw54gCL3uU7dNo=
github.com/monetarium/monetarium-node/database v1.3.10 h1:BNLTVjCxtD8a/iHctJiiXSDNA4s1coEGBlScS/oiHN0=
github.com/monetarium/monetarium-node/database v1.3.10/go.mod h1:IO69jVyyGY+VEVIFm3wh4q3EhQeAhRHHcahGg2CvS0Y=
github.com/monetarium/monetarium-node/dcrec v1.3.10 h1:NivVDUifuzmalyEd5LSubU+AlTqCITw1LIKUXOERvb4=
github.com/monetarium/monetarium-node/dcrec v1.3.10/go.mod h1:raW6YB1vSdu7TzY3x0usHwV4jZket1Oh9Wt4mGF/h7w=
github.com/monetarium/monetarium-node/dcrec/edwards v1.3.10 h1:vJX0w/C0xK4q++eNvdkWehZKaRG+bpmriJkFLp4lcy4=
github.com/monetarium/monetarium-node/dcrec/edwards v1.3.10/go.mod h1:Y8pn6G6CpXUC9W0d6J0oHVYbKIZCKpFZXt1GLRQFvRE=
github.com/monetarium/monetarium-node/dcrec/secp256k1 v1.3.10 h1:T0RNwIgc6vW+91Nba4ynXrxMXUl03GJ8gQbp1jAFXCg=
github.com/monetarium/monetarium-node/dcrec/secp256k1 v1.3.10/go.mod h1:jXrYqiG6NvoyuJLskr+xf0xjy9kjmFL9ko1OKdmCJYc=
github.com/monetarium/monetarium-node/dcrjson v1.3.10 h1:Yfpo4s6T0Mo61gyX9PRTUtUwYMO4Nzo7lG3+7Iv7UNA=
github.com/monetarium/monetarium-node/dcrjson v1.3.10/go.mod h1:7X9rUVQFrdQRgBvxOx75f6Li0FsfDqyc9NLd+iRMgrY=
github.com/monetarium/monetarium-node/dcrutil v1.3.10 h1:tClaWALxonS7L5XlQsI1IgfHWdGVUkrNTbpc4Tj/Zlc=
github.com/monetarium/monetarium-node/dcrutil v1.3.10/go.mod h1:j0iW6RuKhTmc7WbguLSqtSrQC8cWjnCBCi7Qp/tgLbs=
github.com/monetarium/monetarium-node/gcs v1.3.10 h1:o5TUMUPwQem9tmBhcujICo8hSKR/7fxImtKF55hzCBA=
github.com/monetarium/monetarium-node/gcs v1.3.10/go.mod h1:dMGGacTDPrWidn7JISWVLuvtplZZUwmhV0fAVd2gexQ=
github.com/monetarium/monetarium-node/rpc/jsonrpc/types v1.3.10 h1:Y5Wv4912O1lg4Pr+igKWn3Zmqn3c8Ho1i2M7HCxfy4Y=
github.com/monetarium/monetarium-node/rpc/jsonrpc/types v1.3.10/go.mod h1:g6UepULos60sb9ZOzqg8ykWjs6jAbuOwCEaLavB+7qU=
github.com/monetarium/monetarium-node/rpcclient v1.3.10 h1:oMR1sCvssx8BYH6dUllsCJ1d38fkzVxMHDm+JWJyO54=
github.com/monetarium/monetarium-node/rpcclient v1.3.10/go.mod h1:DX5r2KKs5CnzRCYRJTBMQjcCqc+uf9pSMO2DItLZ8oI=
github.com/monetarium/monetarium-node/txscript v1.3.10 h1:CRIZdt559B0niYvWTrpQZ5iGPdMoCnMsaZMyz6TncMA=
github.com/monetarium/monetarium-node/txscript v1.3.10/go.mod h1:cyeEHOsG7Q+anUpbN29EcYx6KPJ2q0pMjWSqIVqK3SM=
github.com/monetarium/monetarium-node/wire v1.3.10 h1:fOvJgBbWEOBdvOJt+hgihGH2PSxnbc1d6+ZcigrIDgE=
github.com/monetarium/monetarium-node/wire v1.3.10/go.mod h1:9JZ8oEbUCZu/F53GMBzHj/ZtDaibiHi7uAYa4FdRfM4=
github.com/syndtr/goleveldb v1.0.1-0.20210819022825-2ae1ddf74ef7 h1:epCh84lMvA70Z7CTTCmYQn2CKbY8j86K7/FAIr141uY=
github.com/syndtr/goleveldb v1.0.1-0.20210819022825-2ae1ddf74ef7/go.mod h1:q4W45IWZaF22tdD+VEXcAWRA037jwmWEB5VWYORlTpc=
golang.org/x/crypto v0.33.0 h1:IOBPskki6Lysi0lo9qQvbxiQ+FvsCC/YWOecCHAixus=
golang.org/x/crypto v0.33.0/go.mod h1:bVdXmD7IV/4GdElGPozy6U7lWdRXA4qyRVGJV57uQ5M=
golang.org/x/sys v0.30.0 h1:QjkSwP/36a20jFYWkSue1YwXzLmsV5Gfq7Eiy72C1uc=
golang.org/x/sys v0.30.0/go.mod h1:/VUhepiaJMQUp4+oa/7Zr1D23ma6VTLIYjOOTFZPUcA=
golang.org/x/term v0.29.0 h1:L6pJp37ocefwRRtYPKSWOWzOtWSxVajvz2ldH/xi3iU=
golang.org/x/term v0.29.0/go.mod h1:6bl4lRlvVuDgSf3179VpIxBF0o10JUpXWOnI7nErv7s=
lukechampine.com/blake3 v1.4.1 h1:I3Smz7gso8w4/TunLKec6K2fn+kyKtDxr/xcQEN84Wg=
lukechampine.com/blake3 v1.4.1/go.mod h1:QFosUxmjB8mnrWFSNwKmvxHpfY72bmD2tQ0kBMM3kwo=
